
Microsoft Visual Studio Solution File, Format Version 12.00
# Visual Studio Version 17
VisualStudioVersion = 17.0.31903.59
MinimumVisualStudioVersion = 10.0dotnet new webapi -o API -controllers.40219.1
Project("{FAE04EC0-301F-11D3-BF4B-00C04F79EFBC}") = "API", "API\API.csproj", "{3EE1B27F-F676-47B6-AAE5-B1F7427DA45E}"
EndProject
Project("{FAE04EC0-301F-11D3-BF4B-00C04F79EFBC}") = "Core", "Core\Core.csproj", "{393E2B7F-8422-434D-8A6B-E80BB94210F7}"
EndProject
Project("{FAE04EC0-301F-11D3-BF4B-00C04F79EFBC}") = "Infrastructure", "Infrastructure\Infrastructure.csproj", "{DD01FBBB-4CC1-44B0-BE2B-D3C9E77A8EFD}"
EndProject
Global
	GlobalSection(SolutionConfigurationPlatforms) = preSolution
		Debug|Any CPU = Debug|Any CPU
		Release|Any CPU = Release|Any CPU
	EndGlobalSection
	GlobalSection(SolutionProperties) = preSolution
		HideSolutionNode = FALSE
	EndGlobalSection
	GlobalSection(ProjectConfigurationPlatforms) = postSolution
		{3EE1B27F-F676-47B6-AAE5-B1F7427DA45E}.Debug|Any CPU.ActiveCfg = Debug|Any CPU
		{3EE1B27F-F676-47B6-AAE5-B1F7427DA45E}.Debug|Any CPU.Build.0 = Debug|Any CPU
		{3EE1B27F-F676-47B6-AAE5-B1F7427DA45E}.Release|Any CPU.ActiveCfg = Release|Any CPU
		{3EE1B27F-F676-47B6-AAE5-B1F7427DA45E}.Release|Any CPU.Build.0 = Release|Any CPU
		{393E2B7F-8422-434D-8A6B-E80BB94210F7}.Debug|Any CPU.ActiveCfg = Debug|Any CPU
		{393E2B7F-8422-434D-8A6B-E80BB94210F7}.Debug|Any CPU.Build.0 = Debug|Any CPU
		{393E2B7F-8422-434D-8A6B-E80BB94210F7}.Release|Any CPU.ActiveCfg = Release|Any CPU
		{393E2B7F-8422-434D-8A6B-E80BB94210F7}.Release|Any CPU.Build.0 = Release|Any CPU
		{DD01FBBB-4CC1-44B0-BE2B-D3C9E77A8EFD}.Debug|Any CPU.ActiveCfg = Debug|Any CPU
		{DD01FBBB-4CC1-44B0-BE2B-D3C9E77A8EFD}.Debug|Any CPU.Build.0 = Debug|Any CPU
		{DD01FBBB-4CC1-44B0-BE2B-D3C9E77A8EFD}.Release|Any CPU.ActiveCfg = Release|Any CPU
		{DD01FBBB-4CC1-44B0-BE2B-D3C9E77A8EFD}.Release|Any CPU.Build.0 = Release|Any CPU
	EndGlobalSection
EndGlobal
